# This file was autogenerated by Stack.
# You should not edit this file by hand.
# For more information, please see the documentation at:
#   https://docs.haskellstack.org/en/stable/lock_files

packages:
- completed:
    hackage: chakra-0.1.2@sha256:8dd2c01419855b82250a10779c238846d75f8bb628ecf50f5a259be674a4e5e9,4327
    pantry-tree:
      size: 1050
      sha256: de4efea8bdba77b83ca96ce9a499bf1220cc043d0f6573cece06989ce607e353
  original:
    hackage: chakra-0.1.2
- completed:
    hackage: wai-cli-0.2.3@sha256:17ac631c5f11bedb4e32604d351084cafbdb1be4953cd1f521e55f06d82729dc,1958
    pantry-tree:
      size: 269
      sha256: 0b2f8570e15d502cfddd524741b24e4f4a639b0d18ead18f79a0444c25cc0812
  original:
    hackage: wai-cli-0.2.3
snapshots:
- completed:
    size: 618884
    url: https://raw.githubusercontent.com/commercialhaskell/stackage-snapshots/master/lts/19/7.yaml
    sha256: 57d4ce67cc097fea2058446927987bc1f7408890e3a6df0da74e5e318f051c20
  original:
    url: https://raw.githubusercontent.com/commercialhaskell/stackage-snapshots/master/lts/19/7.yaml
